
Microsoft Visual Studio Solution File, Format Version 12.00
Project("{FAE04EC0-301F-11D3-BF4B-00C04F79EFBC}") = "WinTimer", "WinTimer\WinTimer.csproj", "{E1235714-C330-4654-971A-78434DEA34C9}"
EndProject
Global
	GlobalSection(SolutionConfigurationPlatforms) = preSolution
		Debug|Any CPU = Debug|Any CPU
		Release|Any CPU = Release|Any CPU
	EndGlobalSection
	GlobalSection(ProjectConfigurationPlatforms) = postSolution
		{E1235714-C330-4654-971A-78434DEA34C9}.Debug|Any CPU.ActiveCfg = Debug|Any CPU
		{E1235714-C330-4654-971A-78434DEA34C9}.Debug|Any CPU.Build.0 = Debug|Any CPU
		{E1235714-C330-4654-971A-78434DEA34C9}.Release|Any CPU.ActiveCfg = Release|Any CPU
		{E1235714-C330-4654-971A-78434DEA34C9}.Release|Any CPU.Build.0 = Release|Any CPU
	EndGlobalSection
EndGlobal
